
Microsoft Visual Studio Solution File, Format Version 12.00
# Visual Studio 15
Project("{FAE04EC0-301F-11D3-BF4B-00C04F79EFBC}") = "ContactMap.Android", "ContactMap.Android\ContactMap.Android.csproj", "{80D3DDA2-8AEE-4B3A-9625-846CCA3F8878}"
EndProject
Project("{FAE04EC0-301F-11D3-BF4B-00C04F79EFBC}") = "ContactMap.iOS", "ContactMap.iOS\ContactMap.iOS.csproj", "{3CCF9306-2BA6-469E-9C09-03666613F90F}"
EndProject
Project("{FAE04EC0-301F-11D3-BF4B-00C04F79EFBC}") = "ContactMap", "ContactMap\ContactMap.csproj", "{476F2F70-2A6A-4A77-AAB0-D3A0E77A72D6}"
EndProject
Global
	GlobalSection(SolutionConfigurationPlatforms) = preSolution
		Debug|Any CPU = Debug|Any CPU
		Release|Any CPU = Release|Any CPU
		Debug|iPhoneSimulator = Debug|iPhoneSimulator
		Release|iPhoneSimulator = Release|iPhoneSimulator
		Debug|iPhone = Debug|iPhone
		Release|iPhone = Release|iPhone
	EndGlobalSection
	GlobalSection(ProjectConfigurationPlatforms) = postSolution
		{80D3DDA2-8AEE-4B3A-9625-846CCA3F8878}.Debug|Any CPU.ActiveCfg = Debug|Any CPU
		{80D3DDA2-8AEE-4B3A-9625-846CCA3F8878}.Debug|Any CPU.Build.0 = Debug|Any CPU
		{80D3DDA2-8AEE-4B3A-9625-846CCA3F8878}.Release|Any CPU.ActiveCfg = Release|Any CPU
		{80D3DDA2-8AEE-4B3A-9625-846CCA3F8878}.Release|Any CPU.Build.0 = Release|Any CPU
		{80D3DDA2-8AEE-4B3A-9625-846CCA3F8878}.Debug|iPhoneSimulator.ActiveCfg = Debug|Any CPU
		{80D3DDA2-8AEE-4B3A-9625-846CCA3F8878}.Debug|iPhoneSimulator.Build.0 = Debug|Any CPU
		{80D3DDA2-8AEE-4B3A-9625-846CCA3F8878}.Release|iPhoneSimulator.ActiveCfg = Release|Any CPU
		{80D3DDA2-8AEE-4B3A-9625-846CCA3F8878}.Release|iPhoneSimulator.Build.0 = Release|Any CPU
		{80D3DDA2-8AEE-4B3A-9625-846CCA3F8878}.Debug|iPhone.ActiveCfg = Debug|Any CPU
		{80D3DDA2-8AEE-4B3A-9625-846CCA3F8878}.Debug|iPhone.Build.0 = Debug|Any CPU
		{80D3DDA2-8AEE-4B3A-9625-846CCA3F8878}.Release|iPhone.ActiveCfg = Release|Any CPU
		{80D3DDA2-8AEE-4B3A-9625-846CCA3F8878}.Release|iPhone.Build.0 = Release|Any CPU
		{3CCF9306-2BA6-469E-9C09-03666613F90F}.Debug|Any CPU.ActiveCfg = Debug|iPhoneSimulator
		{3CCF9306-2BA6-469E-9C09-03666613F90F}.Debug|Any CPU.Build.0 = Debug|iPhoneSimulator
		{3CCF9306-2BA6-469E-9C09-03666613F90F}.Release|Any CPU.ActiveCfg = Release|iPhoneSimulator
		{3CCF9306-2BA6-469E-9C09-03666613F90F}.Release|Any CPU.Build.0 = Release|iPhoneSimulator
		{3CCF9306-2BA6-469E-9C09-03666613F90F}.Debug|iPhoneSimulator.ActiveCfg = Debug|iPhoneSimulator
		{3CCF9306-2BA6-469E-9C09-03666613F90F}.Debug|iPhoneSimulator.Build.0 = Debug|iPhoneSimulator
		{3CCF9306-2BA6-469E-9C09-03666613F90F}.Release|iPhoneSimulator.ActiveCfg = Release|iPhoneSimulator
		{3CCF9306-2BA6-469E-9C09-03666613F90F}.Release|iPhoneSimulator.Build.0 = Release|iPhoneSimulator
		{3CCF9306-2BA6-469E-9C09-03666613F90F}.Debug|iPhone.ActiveCfg = Debug|iPhone
		{3CCF9306-2BA6-469E-9C09-03666613F90F}.Debug|iPhone.Build.0 = Debug|iPhone
		{3CCF9306-2BA6-469E-9C09-03666613F90F}.Release|iPhone.ActiveCfg = Release|iPhone
		{3CCF9306-2BA6-469E-9C09-03666613F90F}.Release|iPhone.Build.0 = Release|iPhone
		{476F2F70-2A6A-4A77-AAB0-D3A0E77A72D6}.Debug|Any CPU.ActiveCfg = Debug|Any CPU
		{476F2F70-2A6A-4A77-AAB0-D3A0E77A72D6}.Debug|Any CPU.Build.0 = Debug|Any CPU
		{476F2F70-2A6A-4A77-AAB0-D3A0E77A72D6}.Release|Any CPU.ActiveCfg = Release|Any CPU
		{476F2F70-2A6A-4A77-AAB0-D3A0E77A72D6}.Release|Any CPU.Build.0 = Release|Any CPU
		{476F2F70-2A6A-4A77-AAB0-D3A0E77A72D6}.Debug|iPhoneSimulator.ActiveCfg = Debug|Any CPU
		{476F2F70-2A6A-4A77-AAB0-D3A0E77A72D6}.Debug|iPhoneSimulator.Build.0 = Debug|Any CPU
		{476F2F70-2A6A-4A77-AAB0-D3A0E77A72D6}.Release|iPhoneSimulator.ActiveCfg = Release|Any CPU
		{476F2F70-2A6A-4A77-AAB0-D3A0E77A72D6}.Release|iPhoneSimulator.Build.0 = Release|Any CPU
		{476F2F70-2A6A-4A77-AAB0-D3A0E77A72D6}.Debug|iPhone.ActiveCfg = Debug|Any CPU
		{476F2F70-2A6A-4A77-AAB0-D3A0E77A72D6}.Debug|iPhone.Build.0 = Debug|Any CPU
		{476F2F70-2A6A-4A77-AAB0-D3A0E77A72D6}.Release|iPhone.ActiveCfg = Release|Any CPU
		{476F2F70-2A6A-4A77-AAB0-D3A0E77A72D6}.Release|iPhone.Build.0 = Release|Any CPU
	EndGlobalSection
EndGlobal
